
Microsoft Visual Studio Solution File, Format Version 12.00
# Visual Studio Version 16
VisualStudioVersion = 16.0.31424.327
MinimumVisualStudioVersion = 10.0.40219.1
Project("{9A19103F-16F7-4668-BE54-9A1E7A4F7556}") = "10KRanker", "10KRanker\10KRanker.csproj", "{4C8AED85-5218-4AF6-83D5-1F7FC3AEB05E}"
EndProject
Project("{9A19103F-16F7-4668-BE54-9A1E7A4F7556}") = "OsuAPI", "OsuAPI\OsuAPI.csproj", "{D1D0EC59-74E1-48D6-BC0E-DA51A050C7F5}"
EndProject
Project("{9A19103F-16F7-4668-BE54-9A1E7A4F7556}") = "Test", "Test\Test.csproj", "{B1DABA2C-9BA7-4FE5-890C-B4A0BC61E58B}"
EndProject
Project("{9A19103F-16F7-4668-BE54-9A1E7A4F7556}") = "Database", "Database\Database.csproj", "{70D50F13-F3F3-484B-AA2F-37BE7C94A7AD}"
EndProject
Project("{FAE04EC0-301F-11D3-BF4B-00C04F79EFBC}") = "Logger", "Logger\Logger.csproj", "{9A4CB021-65DE-47F0-9821-A64853B4FBAF}"
EndProject
Global
	GlobalSection(SolutionConfigurationPlatforms) = preSolution
		Debug|Any CPU = Debug|Any CPU
		Release|Any CPU = Release|Any CPU
	EndGlobalSection
	GlobalSection(ProjectConfigurationPlatforms) = postSolution
		{4C8AED85-5218-4AF6-83D5-1F7FC3AEB05E}.Debug|Any CPU.ActiveCfg = Debug|Any CPU
		{4C8AED85-5218-4AF6-83D5-1F7FC3AEB05E}.Debug|Any CPU.Build.0 = Debug|Any CPU
		{4C8AED85-5218-4AF6-83D5-1F7FC3AEB05E}.Release|Any CPU.ActiveCfg = Release|Any CPU
		{4C8AED85-5218-4AF6-83D5-1F7FC3AEB05E}.Release|Any CPU.Build.0 = Release|Any CPU
		{D1D0EC59-74E1-48D6-BC0E-DA51A050C7F5}.Debug|Any CPU.ActiveCfg = Debug|Any CPU
		{D1D0EC59-74E1-48D6-BC0E-DA51A050C7F5}.Debug|Any CPU.Build.0 = Debug|Any CPU
		{D1D0EC59-74E1-48D6-BC0E-DA51A050C7F5}.Release|Any CPU.ActiveCfg = Release|Any CPU
		{D1D0EC59-74E1-48D6-BC0E-DA51A050C7F5}.Release|Any CPU.Build.0 = Release|Any CPU
		{B1DABA2C-9BA7-4FE5-890C-B4A0BC61E58B}.Debug|Any CPU.ActiveCfg = Debug|Any CPU
		{B1DABA2C-9BA7-4FE5-890C-B4A0BC61E58B}.Debug|Any CPU.Build.0 = Debug|Any CPU
		{B1DABA2C-9BA7-4FE5-890C-B4A0BC61E58B}.Release|Any CPU.ActiveCfg = Release|Any CPU
		{B1DABA2C-9BA7-4FE5-890C-B4A0BC61E58B}.Release|Any CPU.Build.0 = Release|Any CPU
		{70D50F13-F3F3-484B-AA2F-37BE7C94A7AD}.Debug|Any CPU.ActiveCfg = Debug|Any CPU
		{70D50F13-F3F3-484B-AA2F-37BE7C94A7AD}.Debug|Any CPU.Build.0 = Debug|Any CPU
		{70D50F13-F3F3-484B-AA2F-37BE7C94A7AD}.Release|Any CPU.ActiveCfg = Release|Any CPU
		{70D50F13-F3F3-484B-AA2F-37BE7C94A7AD}.Release|Any CPU.Build.0 = Release|Any CPU
		{9A4CB021-65DE-47F0-9821-A64853B4FBAF}.Debug|Any CPU.ActiveCfg = Debug|Any CPU
		{9A4CB021-65DE-47F0-9821-A64853B4FBAF}.Debug|Any CPU.Build.0 = Debug|Any CPU
		{9A4CB021-65DE-47F0-9821-A64853B4FBAF}.Release|Any CPU.ActiveCfg = Release|Any CPU
		{9A4CB021-65DE-47F0-9821-A64853B4FBAF}.Release|Any CPU.Build.0 = Release|Any CPU
	EndGlobalSection
	GlobalSection(SolutionProperties) = preSolution
		HideSolutionNode = FALSE
	EndGlobalSection
	GlobalSection(ExtensibilityGlobals) = postSolution
		SolutionGuid = {B3F52F74-52C7-4C57-A9F8-5ED59A06480A}
	EndGlobalSection
EndGlobal
